
Microsoft Visual Studio Solution File, Format Version 12.00
# Visual Studio 14
VisualStudioVersion = 14.0.25420.1
MinimumVisualStudioVersion = 10.0.40219.1
Project("{FAE04EC0-301F-11D3-BF4B-00C04F79EFBC}") = "CortanaWhatsThat", "CortanaWhatsThat\CortanaWhatsThat.csproj", "{3742E426-2DF4-41A3-9759-BFB5F8F9330C}"
EndProject
Project("{FAE04EC0-301F-11D3-BF4B-00C04F79EFBC}") = "BackgroundServices", "BackgroundServices\BackgroundServices.csproj", "{9DFA2AA3-AAB6-42EF-A7A1-07B4741DEDE1}"
EndProject
Project("{FAE04EC0-301F-11D3-BF4B-00C04F79EFBC}") = "GoogleVisionRepository", "GoogleVisionRepository\GoogleVisionRepository.csproj", "{DAF4B891-1EEF-45FC-87A5-A233EF447791}"
EndProject
Project("{FAE04EC0-301F-11D3-BF4B-00C04F79EFBC}") = "VoiceCommandService", "VoiceCommandServices\VoiceCommandService.csproj", "{0557FE42-2F85-48E3-B8D3-DF99F00520DC}"
EndProject
Global
	GlobalSection(SolutionConfigurationPlatforms) = preSolution
		Debug|Any CPU = Debug|Any CPU
		Debug|ARM = Debug|ARM
		Debug|x64 = Debug|x64
		Debug|x86 = Debug|x86
		Release|Any CPU = Release|Any CPU
		Release|ARM = Release|ARM
		Release|x64 = Release|x64
		Release|x86 = Release|x86
	EndGlobalSection
	GlobalSection(ProjectConfigurationPlatforms) = postSolution
		{3742E426-2DF4-41A3-9759-BFB5F8F9330C}.Debug|Any CPU.ActiveCfg = Debug|x86
		{3742E426-2DF4-41A3-9759-BFB5F8F9330C}.Debug|ARM.ActiveCfg = Debug|ARM
		{3742E426-2DF4-41A3-9759-BFB5F8F9330C}.Debug|ARM.Build.0 = Debug|ARM
		{3742E426-2DF4-41A3-9759-BFB5F8F9330C}.Debug|ARM.Deploy.0 = Debug|ARM
		{3742E426-2DF4-41A3-9759-BFB5F8F9330C}.Debug|x64.ActiveCfg = Debug|x64
		{3742E426-2DF4-41A3-9759-BFB5F8F9330C}.Debug|x64.Build.0 = Debug|x64
		{3742E426-2DF4-41A3-9759-BFB5F8F9330C}.Debug|x64.Deploy.0 = Debug|x64
		{3742E426-2DF4-41A3-9759-BFB5F8F9330C}.Debug|x86.ActiveCfg = Debug|x86
		{3742E426-2DF4-41A3-9759-BFB5F8F9330C}.Debug|x86.Build.0 = Debug|x86
		{3742E426-2DF4-41A3-9759-BFB5F8F9330C}.Debug|x86.Deploy.0 = Debug|x86
		{3742E426-2DF4-41A3-9759-BFB5F8F9330C}.Release|Any CPU.ActiveCfg = Release|x86
		{3742E426-2DF4-41A3-9759-BFB5F8F9330C}.Release|ARM.ActiveCfg = Release|ARM
		{3742E426-2DF4-41A3-9759-BFB5F8F9330C}.Release|ARM.Build.0 = Release|ARM
		{3742E426-2DF4-41A3-9759-BFB5F8F9330C}.Release|ARM.Deploy.0 = Release|ARM
		{3742E426-2DF4-41A3-9759-BFB5F8F9330C}.Release|x64.ActiveCfg = Release|x64
		{3742E426-2DF4-41A3-9759-BFB5F8F9330C}.Release|x64.Build.0 = Release|x64
		{3742E426-2DF4-41A3-9759-BFB5F8F9330C}.Release|x64.Deploy.0 = Release|x64
		{3742E426-2DF4-41A3-9759-BFB5F8F9330C}.Release|x86.ActiveCfg = Release|x86
		{3742E426-2DF4-41A3-9759-BFB5F8F9330C}.Release|x86.Build.0 = Release|x86
		{3742E426-2DF4-41A3-9759-BFB5F8F9330C}.Release|x86.Deploy.0 = Release|x86
		{9DFA2AA3-AAB6-42EF-A7A1-07B4741DEDE1}.Debug|Any CPU.ActiveCfg = Debug|Any CPU
		{9DFA2AA3-AAB6-42EF-A7A1-07B4741DEDE1}.Debug|Any CPU.Build.0 = Debug|Any CPU
		{9DFA2AA3-AAB6-42EF-A7A1-07B4741DEDE1}.Debug|ARM.ActiveCfg = Debug|ARM
		{9DFA2AA3-AAB6-42EF-A7A1-07B4741DEDE1}.Debug|ARM.Build.0 = Debug|ARM
		{9DFA2AA3-AAB6-42EF-A7A1-07B4741DEDE1}.Debug|x64.ActiveCfg = Debug|x64
		{9DFA2AA3-AAB6-42EF-A7A1-07B4741DEDE1}.Debug|x64.Build.0 = Debug|x64
		{9DFA2AA3-AAB6-42EF-A7A1-07B4741DEDE1}.Debug|x86.ActiveCfg = Debug|x86
		{9DFA2AA3-AAB6-42EF-A7A1-07B4741DEDE1}.Debug|x86.Build.0 = Debug|x86
		{9DFA2AA3-AAB6-42EF-A7A1-07B4741DEDE1}.Release|Any CPU.ActiveCfg = Release|Any CPU
		{9DFA2AA3-AAB6-42EF-A7A1-07B4741DEDE1}.Release|Any CPU.Build.0 = Release|Any CPU
		{9DFA2AA3-AAB6-42EF-A7A1-07B4741DEDE1}.Release|ARM.ActiveCfg = Release|ARM
		{9DFA2AA3-AAB6-42EF-A7A1-07B4741DEDE1}.Release|ARM.Build.0 = Release|ARM
		{9DFA2AA3-AAB6-42EF-A7A1-07B4741DEDE1}.Release|x64.ActiveCfg = Release|x64
		{9DFA2AA3-AAB6-42EF-A7A1-07B4741DEDE1}.Release|x64.Build.0 = Release|x64
		{9DFA2AA3-AAB6-42EF-A7A1-07B4741DEDE1}.Release|x86.ActiveCfg = Release|x86
		{9DFA2AA3-AAB6-42EF-A7A1-07B4741DEDE1}.Release|x86.Build.0 = Release|x86
		{DAF4B891-1EEF-45FC-87A5-A233EF447791}.Debug|Any CPU.ActiveCfg = Debug|Any CPU
		{DAF4B891-1EEF-45FC-87A5-A233EF447791}.Debug|Any CPU.Build.0 = Debug|Any CPU
		{DAF4B891-1EEF-45FC-87A5-A233EF447791}.Debug|ARM.ActiveCfg = Debug|ARM
		{DAF4B891-1EEF-45FC-87A5-A233EF447791}.Debug|ARM.Build.0 = Debug|ARM
		{DAF4B891-1EEF-45FC-87A5-A233EF447791}.Debug|x64.ActiveCfg = Debug|x64
		{DAF4B891-1EEF-45FC-87A5-A233EF447791}.Debug|x64.Build.0 = Debug|x64
		{DAF4B891-1EEF-45FC-87A5-A233EF447791}.Debug|x86.ActiveCfg = Debug|x86
		{DAF4B891-1EEF-45FC-87A5-A233EF447791}.Debug|x86.Build.0 = Debug|x86
		{DAF4B891-1EEF-45FC-87A5-A233EF447791}.Release|Any CPU.ActiveCfg = Release|Any CPU
		{DAF4B891-1EEF-45FC-87A5-A233EF447791}.Release|Any CPU.Build.0 = Release|Any CPU
		{DAF4B891-1EEF-45FC-87A5-A233EF447791}.Release|ARM.ActiveCfg = Release|ARM
		{DAF4B891-1EEF-45FC-87A5-A233EF447791}.Release|ARM.Build.0 = Release|ARM
		{DAF4B891-1EEF-45FC-87A5-A233EF447791}.Release|x64.ActiveCfg = Release|x64
		{DAF4B891-1EEF-45FC-87A5-A233EF447791}.Release|x64.Build.0 = Release|x64
		{DAF4B891-1EEF-45FC-87A5-A233EF447791}.Release|x86.ActiveCfg = Release|x86
		{DAF4B891-1EEF-45FC-87A5-A233EF447791}.Release|x86.Build.0 = Release|x86
		{0557FE42-2F85-48E3-B8D3-DF99F00520DC}.Debug|Any CPU.ActiveCfg = Debug|Any CPU
		{0557FE42-2F85-48E3-B8D3-DF99F00520DC}.Debug|Any CPU.Build.0 = Debug|Any CPU
		{0557FE42-2F85-48E3-B8D3-DF99F00520DC}.Debug|ARM.ActiveCfg = Debug|ARM
		{0557FE42-2F85-48E3-B8D3-DF99F00520DC}.Debug|ARM.Build.0 = Debug|ARM
		{0557FE42-2F85-48E3-B8D3-DF99F00520DC}.Debug|x64.ActiveCfg = Debug|x64
		{0557FE42-2F85-48E3-B8D3-DF99F00520DC}.Debug|x64.Build.0 = Debug|x64
		{0557FE42-2F85-48E3-B8D3-DF99F00520DC}.Debug|x86.ActiveCfg = Debug|x86
		{0557FE42-2F85-48E3-B8D3-DF99F00520DC}.Debug|x86.Build.0 = Debug|x86
		{0557FE42-2F85-48E3-B8D3-DF99F00520DC}.Release|Any CPU.ActiveCfg = Release|Any CPU
		{0557FE42-2F85-48E3-B8D3-DF99F00520DC}.Release|Any CPU.Build.0 = Release|Any CPU
		{0557FE42-2F85-48E3-B8D3-DF99F00520DC}.Release|ARM.ActiveCfg = Release|ARM
		{0557FE42-2F85-48E3-B8D3-DF99F00520DC}.Release|ARM.Build.0 = Release|ARM
		{0557FE42-2F85-48E3-B8D3-DF99F00520DC}.Release|x64.ActiveCfg = Release|x64
		{0557FE42-2F85-48E3-B8D3-DF99F00520DC}.Release|x64.Build.0 = Release|x64
		{0557FE42-2F85-48E3-B8D3-DF99F00520DC}.Release|x86.ActiveCfg = Release|x86
		{0557FE42-2F85-48E3-B8D3-DF99F00520DC}.Release|x86.Build.0 = Release|x86
	EndGlobalSection
	GlobalSection(SolutionProperties) = preSolution
		HideSolutionNode = FALSE
	EndGlobalSection
EndGlobal
